
Microsoft Visual Studio Solution File, Format Version 12.00
# Visual Studio 15
VisualStudioVersion = 15.0.27703.2000
MinimumVisualStudioVersion = 10.0.40219.1
Project("{9A19103F-16F7-4668-BE54-9A1E7A4F7556}") = "unittestUsai1", "unittestUsai1\unittestUsai1.csproj", "{2FFEF511-4722-44A4-A688-D999F78DC61F}"
EndProject
Project("{FAE04EC0-301F-11D3-BF4B-00C04F79EFBC}") = "UnitTestUsai1.test", "UnitTestUsai1.test\UnitTestUsai1.test.csproj", "{A983E21B-87CE-4CF0-8B9C-DC4DD35F1913}"
EndProject
Global
	GlobalSection(SolutionConfigurationPlatforms) = preSolution
		Debug|Any CPU = Debug|Any CPU
		Release|Any CPU = Release|Any CPU
	EndGlobalSection
	GlobalSection(ProjectConfigurationPlatforms) = postSolution
		{2FFEF511-4722-44A4-A688-D999F78DC61F}.Debug|Any CPU.ActiveCfg = Debug|Any CPU
		{2FFEF511-4722-44A4-A688-D999F78DC61F}.Debug|Any CPU.Build.0 = Debug|Any CPU
		{2FFEF511-4722-44A4-A688-D999F78DC61F}.Release|Any CPU.ActiveCfg = Release|Any CPU
		{2FFEF511-4722-44A4-A688-D999F78DC61F}.Release|Any CPU.Build.0 = Release|Any CPU
		{A983E21B-87CE-4CF0-8B9C-DC4DD35F1913}.Debug|Any CPU.ActiveCfg = Debug|Any CPU
		{A983E21B-87CE-4CF0-8B9C-DC4DD35F1913}.Debug|Any CPU.Build.0 = Debug|Any CPU
		{A983E21B-87CE-4CF0-8B9C-DC4DD35F1913}.Release|Any CPU.ActiveCfg = Release|Any CPU
		{A983E21B-87CE-4CF0-8B9C-DC4DD35F1913}.Release|Any CPU.Build.0 = Release|Any CPU
	EndGlobalSection
	GlobalSection(SolutionProperties) = preSolution
		HideSolutionNode = FALSE
	EndGlobalSection
	GlobalSection(ExtensibilityGlobals) = postSolution
		SolutionGuid = {1AB4BD3D-8A00-4007-BB6A-AE9CD0546435}
	EndGlobalSection
EndGlobal
